
Microsoft Visual Studio Solution File, Format Version 12.00
# Visual Studio Version 17
VisualStudioVersion = 17.7.34031.279
MinimumVisualStudioVersion = 10.0.40219.1
Project("{FAE04EC0-301F-11D3-BF4B-00C04F79EFBC}") = "assignment1", "assignment1\assignment1.csproj", "{8F732DCE-35D1-4F37-BDF2-3AE190161C68}"
EndProject
Global
	GlobalSection(SolutionConfigurationPlatforms) = preSolution
		Debug|Any CPU = Debug|Any CPU
		Release|Any CPU = Release|Any CPU
	EndGlobalSection
	GlobalSection(ProjectConfigurationPlatforms) = postSolution
		{8F732DCE-35D1-4F37-BDF2-3AE190161C68}.Debug|Any CPU.ActiveCfg = Debug|Any CPU
		{8F732DCE-35D1-4F37-BDF2-3AE190161C68}.Debug|Any CPU.Build.0 = Debug|Any CPU
		{8F732DCE-35D1-4F37-BDF2-3AE190161C68}.Release|Any CPU.ActiveCfg = Release|Any CPU
		{8F732DCE-35D1-4F37-BDF2-3AE190161C68}.Release|Any CPU.Build.0 = Release|Any CPU
	EndGlobalSection
	GlobalSection(SolutionProperties) = preSolution
		HideSolutionNode = FALSE
	EndGlobalSection
	GlobalSection(ExtensibilityGlobals) = postSolution
		SolutionGuid = {34D83BFD-B272-4905-B2B1-F6A7247EA6CE}
	EndGlobalSection
EndGlobal
